
Microsoft Visual Studio Solution File, Format Version 12.00
# Visual Studio Version 17
VisualStudioVersion = 17.7.34031.279
MinimumVisualStudioVersion = 10.0.40219.1
Project("{FAE04EC0-301F-11D3-BF4B-00C04F79EFBC}") = "QuickMenu", "QuickMenu\QuickMenu.csproj", "{6B30DCB1-93B8-4F73-AC0E-6F54582E7D0F}"
EndProject
Global
	GlobalSection(SolutionConfigurationPlatforms) = preSolution
		Debug|Any CPU = Debug|Any CPU
		Release|Any CPU = Release|Any CPU
	EndGlobalSection
	GlobalSection(ProjectConfigurationPlatforms) = postSolution
		{6B30DCB1-93B8-4F73-AC0E-6F54582E7D0F}.Debug|Any CPU.ActiveCfg = Debug|Any CPU
		{6B30DCB1-93B8-4F73-AC0E-6F54582E7D0F}.Debug|Any CPU.Build.0 = Debug|Any CPU
		{6B30DCB1-93B8-4F73-AC0E-6F54582E7D0F}.Release|Any CPU.ActiveCfg = Release|Any CPU
		{6B30DCB1-93B8-4F73-AC0E-6F54582E7D0F}.Release|Any CPU.Build.0 = Release|Any CPU
	EndGlobalSection
	GlobalSection(SolutionProperties) = preSolution
		HideSolutionNode = FALSE
	EndGlobalSection
	GlobalSection(ExtensibilityGlobals) = postSolution
		SolutionGuid = {9E02C6B2-3940-47D7-B859-0B7D54C93101}
	EndGlobalSection
EndGlobal
